// !$*UTF8*$!
{
	archiveVersion = 1;
	classes = {
	};
	objectVersion = 56;
	objects = {

/* Begin PBXBuildFile section */
		1A9536E050764E70B5288E50 /* AddPhotoVideoView.swift in Sources */ = {isa = PBXBuildFile; fileRef = 65CA0F1D38E24F0C99F70B6F /* AddPhotoVideoView.swift */; };
		207029D477134FFCBA734685 /* AddTextView.swift in Sources */ = {isa = PBXBuildFile; fileRef = CD94B75223564A3AB0E96E22 /* AddTextView.swift */; };
		33F6D38138EA42AF848CBE0C /* AddAudioView.swift in Sources */ = {isa = PBXBuildFile; fileRef = 2E8EBCB75BB44C56B043975B /* AddAudioView.swift */; };
		5A2AA24D4A2A4059A22BC7C2 /* StorageService.swift in Sources */ = {isa = PBXBuildFile; fileRef = A782A63F2A504632B05CB4FC /* StorageService.swift */; };
		6E1D8983B19A41FFBDBCA6DB /* CameraPickerView.swift in Sources */ = {isa = PBXBuildFile; fileRef = ABEA5C8708FF4A21A5E013B4 /* CameraPickerView.swift */; };
		990BE438587F488882DCB3CF /* ItemDetailView.swift in Sources */ = {isa = PBXBuildFile; fileRef = E59981DF03CC44CF8CFAC8C3 /* ItemDetailView.swift */; };
		A8DFB23385BC42369E134D99 /* SavedMessagesApp.swift in Sources */ = {isa = PBXBuildFile; fileRef = F094EFE7419C4F2EB7F96D5A /* SavedMessagesApp.swift */; };
		A91F2892C87D47EE982F52DA /* ShareViewController.swift in Sources */ = {isa = PBXBuildFile; fileRef = 8EB876AF5FDC488EAC718802 /* ShareViewController.swift */; };
		AA7B8C9D0E1F2A3B4C5D6E7F /* DataItem.swift in Sources */ = {isa = PBXBuildFile; fileRef = 279CD837FE7C49C4A6CC9C29 /* DataItem.swift */; };
		CC1122334455667788990011 /* LocationService.swift in Sources */ = {isa = PBXBuildFile; fileRef = BB0011223344556677889900 /* LocationService.swift */; };
		DD2233445566778899001122 /* LocationService.swift in Sources */ = {isa = PBXBuildFile; fileRef = BB0011223344556677889900 /* LocationService.swift */; };
		AABB1122334455667788CCDD /* SavedMessagesUITests.swift in Sources */ = {isa = PBXBuildFile; fileRef = BBCC2233445566778899DDEE /* SavedMessagesUITests.swift */; };
		B0305A713ABB4856B9F6C76B /* ShareExtension.appex in Embed Foundation Extensions */ = {isa = PBXBuildFile; fileRef = 39B24CD7FDF64502860D51EA /* ShareExtension.appex */; settings = {ATTRIBUTES = (RemoveHeadersOnCopy, ); }; };
		B1C2D3E4F5A6B7C8D9E0F1A2 /* TagsView.swift in Sources */ = {isa = PBXBuildFile; fileRef = C2D3E4F5A6B7C8D9E0F1A2B3 /* TagsView.swift */; };
		CC3D4E5F6A7B8C9D0E1F2A3B /* StorageConstants.swift in Sources */ = {isa = PBXBuildFile; fileRef = AA1B2C3D4E5F6A7B8C9D0E1F /* StorageConstants.swift */; };
		DD4E5F6A7B8C9D0E1F2A3B4C /* StorageConstants.swift in Sources */ = {isa = PBXBuildFile; fileRef = AA1B2C3D4E5F6A7B8C9D0E1F /* StorageConstants.swift */; };
		E4B5C6D7E8F9A0B1C2D3E4F5 /* SettingsView.swift in Sources */ = {isa = PBXBuildFile; fileRef = D3A4B5C6D7E8F9A0B1C2D3E4 /* SettingsView.swift */; };
		E9863949B85444A68DC63FBC /* Assets.xcassets in Resources */ = {isa = PBXBuildFile; fileRef = 8C26471B674D4168A3C92330 /* Assets.xcassets */; };
		EE5F6A7B8C9D0E1F2A3B4C5D /* ItemTypeHelpers.swift in Sources */ = {isa = PBXBuildFile; fileRef = BB2C3D4E5F6A7B8C9D0E1F2A /* ItemTypeHelpers.swift */; };
		F1F8D98E94FE49A7A0225856 /* ContentView.swift in Sources */ = {isa = PBXBuildFile; fileRef = FA50B3647E714E6BAA92CFF9 /* ContentView.swift */; };
		FA11BB22CC33DD44EE55FF66 /* ZoomableImageView.swift in Sources */ = {isa = PBXBuildFile; fileRef = AB22CC33DD44EE55FF667788 /* ZoomableImageView.swift */; };
		FB2FBCDC2E8143D882036336 /* ItemListView.swift in Sources */ = {isa = PBXBuildFile; fileRef = 8384B23AA4614AE3BDC44377 /* ItemListView.swift */; };
		FEA97F23E56A415AA64164A5 /* DataItem.swift in Sources */ = {isa = PBXBuildFile; fileRef = 279CD837FE7C49C4A6CC9C29 /* DataItem.swift */; };
		FF6A7B8C9D0E1F2A3B4C5D6E /* ItemTypeHelpers.swift in Sources */ = {isa = PBXBuildFile; fileRef = BB2C3D4E5F6A7B8C9D0E1F2A /* ItemTypeHelpers.swift */; };
		11AA22BB33CC44DD55EE66FF /* ShareTagPickerView.swift in Sources */ = {isa = PBXBuildFile; fileRef = 22BB33CC44DD55EE66FF77AA /* ShareTagPickerView.swift */; };
/* End PBXBuildFile section */

/* Begin PBXContainerItemProxy section */
		CB5EC213A9244B758B9C858C /* PBXContainerItemProxy */ = {
			isa = PBXContainerItemProxy;
			containerPortal = CCB3F50EF82C49E78206F4F1 /* Project object */;
			proxyType = 1;
			remoteGlobalIDString = CDE532592CD649A2B71994CD;
			remoteInfo = ShareExtension;
		};
		CCDD3344556677889900AABB /* PBXContainerItemProxy */ = {
			isa = PBXContainerItemProxy;
			containerPortal = CCB3F50EF82C49E78206F4F1 /* Project object */;
			proxyType = 1;
			remoteGlobalIDString = 1E7B78848BB548158AD1F3F6;
			remoteInfo = SavedMessages;
		};
/* End PBXContainerItemProxy section */

/* Begin PBXCopyFilesBuildPhase section */
		78B14B5AC1004565BAC1A828 /* Embed Foundation Extensions */ = {
			isa = PBXCopyFilesBuildPhase;
			buildActionMask = 2147483647;
			dstPath = "";
			dstSubfolderSpec = 13;
			files = (
				B0305A713ABB4856B9F6C76B /* ShareExtension.appex in Embed Foundation Extensions */,
			);
			name = "Embed Foundation Extensions";
			runOnlyForDeploymentPostprocessing = 0;
		};
/* End PBXCopyFilesBuildPhase section */

/* Begin PBXFileReference section */
		279CD837FE7C49C4A6CC9C29 /* DataItem.swift */ = {isa = PBXFileReference; lastKnownFileType = sourcecode.swift; path = DataItem.swift; sourceTree = "<group>"; };
		2E8EBCB75BB44C56B043975B /* AddAudioView.swift */ = {isa = PBXFileReference; lastKnownFileType = sourcecode.swift; path = AddAudioView.swift; sourceTree = "<group>"; };
		300352E8836048DD868F5AA5 /* SavedMessages.app */ = {isa = PBXFileReference; explicitFileType = wrapper.application; includeInIndex = 0; path = SavedMessages.app; sourceTree = BUILT_PRODUCTS_DIR; };
		39B24CD7FDF64502860D51EA /* ShareExtension.appex */ = {isa = PBXFileReference; explicitFileType = "wrapper.app-extension"; includeInIndex = 0; path = ShareExtension.appex; sourceTree = BUILT_PRODUCTS_DIR; };
		65CA0F1D38E24F0C99F70B6F /* AddPhotoVideoView.swift */ = {isa = PBXFileReference; lastKnownFileType = sourcecode.swift; path = AddPhotoVideoView.swift; sourceTree = "<group>"; };
		8384B23AA4614AE3BDC44377 /* ItemListView.swift */ = {isa = PBXFileReference; lastKnownFileType = sourcecode.swift; path = ItemListView.swift; sourceTree = "<group>"; };
		8C26471B674D4168A3C92330 /* Assets.xcassets */ = {isa = PBXFileReference; lastKnownFileType = folder.assetcatalog; path = Assets.xcassets; sourceTree = "<group>"; };
		8EB876AF5FDC488EAC718802 /* ShareViewController.swift */ = {isa = PBXFileReference; lastKnownFileType = sourcecode.swift; path = ShareViewController.swift; sourceTree = "<group>"; };
		A782A63F2A504632B05CB4FC /* StorageService.swift */ = {isa = PBXFileReference; lastKnownFileType = sourcecode.swift; path = StorageService.swift; sourceTree = "<group>"; };
		A7F6766D3270426592C1D6C6 /* Info.plist */ = {isa = PBXFileReference; lastKnownFileType = text.plist.xml; path = Info.plist; sourceTree = "<group>"; };
		AA1B2C3D4E5F6A7B8C9D0E1F /* StorageConstants.swift */ = {isa = PBXFileReference; lastKnownFileType = sourcecode.swift; path = StorageConstants.swift; sourceTree = "<group>"; };
		ABEA5C8708FF4A21A5E013B4 /* CameraPickerView.swift */ = {isa = PBXFileReference; lastKnownFileType = sourcecode.swift; path = CameraPickerView.swift; sourceTree = "<group>"; };
		AC3F05E201314119BD834C37 /* Info.plist */ = {isa = PBXFileReference; lastKnownFileType = text.plist.xml; path = Info.plist; sourceTree = "<group>"; };
		BB2C3D4E5F6A7B8C9D0E1F2A /* ItemTypeHelpers.swift */ = {isa = PBXFileReference; lastKnownFileType = sourcecode.swift; path = ItemTypeHelpers.swift; sourceTree = "<group>"; };
		BB0011223344556677889900 /* LocationService.swift */ = {isa = PBXFileReference; lastKnownFileType = sourcecode.swift; path = LocationService.swift; sourceTree = "<group>"; };
		BBCC2233445566778899DDEE /* SavedMessagesUITests.swift */ = {isa = PBXFileReference; lastKnownFileType = sourcecode.swift; path = SavedMessagesUITests.swift; sourceTree = "<group>"; };
		C2D3E4F5A6B7C8D9E0F1A2B3 /* TagsView.swift */ = {isa = PBXFileReference; lastKnownFileType = sourcecode.swift; path = TagsView.swift; sourceTree = "<group>"; };
		CD94B75223564A3AB0E96E22 /* AddTextView.swift */ = {isa = PBXFileReference; lastKnownFileType = sourcecode.swift; path = AddTextView.swift; sourceTree = "<group>"; };
		D3A4B5C6D7E8F9A0B1C2D3E4 /* SettingsView.swift */ = {isa = PBXFileReference; lastKnownFileType = sourcecode.swift; path = SettingsView.swift; sourceTree = "<group>"; };
		E59981DF03CC44CF8CFAC8C3 /* ItemDetailView.swift */ = {isa = PBXFileReference; lastKnownFileType = sourcecode.swift; path = ItemDetailView.swift; sourceTree = "<group>"; };
		EEFF0011223344556677AABB /* SavedMessagesUITests.xctest */ = {isa = PBXFileReference; explicitFileType = wrapper.cfbundle; includeInIndex = 0; path = SavedMessagesUITests.xctest; sourceTree = BUILT_PRODUCTS_DIR; };
		F094EFE7419C4F2EB7F96D5A /* SavedMessagesApp.swift */ = {isa = PBXFileReference; lastKnownFileType = sourcecode.swift; path = SavedMessagesApp.swift; sourceTree = "<group>"; };
		F4BE476410A54BEF8AF3AEE2 /* SavedMessages.entitlements */ = {isa = PBXFileReference; lastKnownFileType = text.plist.entitlements; path = SavedMessages.entitlements; sourceTree = "<group>"; };
		F7493DC227CC4FC595497A0F /* ShareExtension.entitlements */ = {isa = PBXFileReference; lastKnownFileType = text.plist.entitlements; path = ShareExtension.entitlements; sourceTree = "<group>"; };
		FA50B3647E714E6BAA92CFF9 /* ContentView.swift */ = {isa = PBXFileReference; lastKnownFileType = sourcecode.swift; path = ContentView.swift; sourceTree = "<group>"; };
		AB22CC33DD44EE55FF667788 /* ZoomableImageView.swift */ = {isa = PBXFileReference; lastKnownFileType = sourcecode.swift; path = ZoomableImageView.swift; sourceTree = "<group>"; };
		22BB33CC44DD55EE66FF77AA /* ShareTagPickerView.swift */ = {isa = PBXFileReference; lastKnownFileType = sourcecode.swift; path = ShareTagPickerView.swift; sourceTree = "<group>"; };
/* End PBXFileReference section */

/* Begin PBXFrameworksBuildPhase section */
		9B21BF6EBC1045D189B5564C /* Frameworks */ = {
			isa = PBXFrameworksBuildPhase;
			buildActionMask = 2147483647;
			files = (
			);
			runOnlyForDeploymentPostprocessing = 0;
		};
		AAD5B717F8584DCCAA35B718 /* Frameworks */ = {
			isa = PBXFrameworksBuildPhase;
			buildActionMask = 2147483647;
			files = (
			);
			runOnlyForDeploymentPostprocessing = 0;
		};
		FFAA1122334455667788BBCC /* Frameworks */ = {
			isa = PBXFrameworksBuildPhase;
			buildActionMask = 2147483647;
			files = (
			);
			runOnlyForDeploymentPostprocessing = 0;
		};
/* End PBXFrameworksBuildPhase section */

/* Begin PBXGroup section */
		12899E8C74024BEE8A0D9313 /* SavedMessages */ = {
			isa = PBXGroup;
			children = (
				F094EFE7419C4F2EB7F96D5A /* SavedMessagesApp.swift */,
				FA50B3647E714E6BAA92CFF9 /* ContentView.swift */,
				4704025D1139482BB1249BD3 /* Views */,
				667A517A550C42CB8DDB8B6F /* Services */,
				8C26471B674D4168A3C92330 /* Assets.xcassets */,
				A7F6766D3270426592C1D6C6 /* Info.plist */,
				F4BE476410A54BEF8AF3AEE2 /* SavedMessages.entitlements */,
			);
			path = SavedMessages;
			sourceTree = "<group>";
		};
		3389731AB0494BE78F6C677C /* ShareExtension */ = {
			isa = PBXGroup;
			children = (
				8EB876AF5FDC488EAC718802 /* ShareViewController.swift */,
				22BB33CC44DD55EE66FF77AA /* ShareTagPickerView.swift */,
				AC3F05E201314119BD834C37 /* Info.plist */,
				F7493DC227CC4FC595497A0F /* ShareExtension.entitlements */,
			);
			path = ShareExtension;
			sourceTree = "<group>";
		};
		45D6E2F72E9542389AB70389 = {
			isa = PBXGroup;
			children = (
				AB8C9D0E1F2A3B4C5D6E7F8A /* Shared */,
				12899E8C74024BEE8A0D9313 /* SavedMessages */,
				3389731AB0494BE78F6C677C /* ShareExtension */,
				AABB0011223344556677EEFF /* SavedMessagesUITests */,
				69A50CAF6D594B92A89AB55F /* Products */,
			);
			sourceTree = "<group>";
		};
		4704025D1139482BB1249BD3 /* Views */ = {
			isa = PBXGroup;
			children = (
				8384B23AA4614AE3BDC44377 /* ItemListView.swift */,
				E59981DF03CC44CF8CFAC8C3 /* ItemDetailView.swift */,
				CD94B75223564A3AB0E96E22 /* AddTextView.swift */,
				2E8EBCB75BB44C56B043975B /* AddAudioView.swift */,
				65CA0F1D38E24F0C99F70B6F /* AddPhotoVideoView.swift */,
				ABEA5C8708FF4A21A5E013B4 /* CameraPickerView.swift */,
				C2D3E4F5A6B7C8D9E0F1A2B3 /* TagsView.swift */,
				D3A4B5C6D7E8F9A0B1C2D3E4 /* SettingsView.swift */,
				AB22CC33DD44EE55FF667788 /* ZoomableImageView.swift */,
			);
			path = Views;
			sourceTree = "<group>";
		};
		667A517A550C42CB8DDB8B6F /* Services */ = {
			isa = PBXGroup;
			children = (
				A782A63F2A504632B05CB4FC /* StorageService.swift */,
			);
			path = Services;
			sourceTree = "<group>";
		};
		69A50CAF6D594B92A89AB55F /* Products */ = {
			isa = PBXGroup;
			children = (
				300352E8836048DD868F5AA5 /* SavedMessages.app */,
				39B24CD7FDF64502860D51EA /* ShareExtension.appex */,
				EEFF0011223344556677AABB /* SavedMessagesUITests.xctest */,
			);
			name = Products;
			sourceTree = "<group>";
		};
		AABB0011223344556677EEFF /* SavedMessagesUITests */ = {
			isa = PBXGroup;
			children = (
				BBCC2233445566778899DDEE /* SavedMessagesUITests.swift */,
			);
			path = SavedMessagesUITests;
			sourceTree = "<group>";
		};
		AB8C9D0E1F2A3B4C5D6E7F8A /* Shared */ = {
			isa = PBXGroup;
			children = (
				279CD837FE7C49C4A6CC9C29 /* DataItem.swift */,
				AA1B2C3D4E5F6A7B8C9D0E1F /* StorageConstants.swift */,
				BB2C3D4E5F6A7B8C9D0E1F2A /* ItemTypeHelpers.swift */,
				BB0011223344556677889900 /* LocationService.swift */,
			);
			path = Shared;
			sourceTree = "<group>";
		};
/* End PBXGroup section */

/* Begin PBXNativeTarget section */
		1E7B78848BB548158AD1F3F6 /* SavedMessages */ = {
			isa = PBXNativeTarget;
			buildConfigurationList = 96BAB4730FAE49F191D9FFDC /* Build configuration list for PBXNativeTarget "SavedMessages" */;
			buildPhases = (
				4B10203187B94041BA2C182E /* Sources */,
				9B21BF6EBC1045D189B5564C /* Frameworks */,
				5A5E7D5600AC41A6A30EDBE4 /* Resources */,
				78B14B5AC1004565BAC1A828 /* Embed Foundation Extensions */,
			);
			buildRules = (
			);
			dependencies = (
				D1A2B3C4D5E6F7A8B9C0D1E2 /* PBXTargetDependency */,
			);
			name = SavedMessages;
			productName = SavedMessages;
			productReference = 300352E8836048DD868F5AA5 /* SavedMessages.app */;
			productType = "com.apple.product-type.application";
		};
		CDE532592CD649A2B71994CD /* ShareExtension */ = {
			isa = PBXNativeTarget;
			buildConfigurationList = 101FA9D5E35C42ED8597DEBF /* Build configuration list for PBXNativeTarget "ShareExtension" */;
			buildPhases = (
				80BA6DD3517C481793F1A2DB /* Sources */,
				AAD5B717F8584DCCAA35B718 /* Frameworks */,
				A366FCB92A204666BAFE45EE /* Resources */,
			);
			buildRules = (
			);
			dependencies = (
			);
			name = ShareExtension;
			productName = ShareExtension;
			productReference = 39B24CD7FDF64502860D51EA /* ShareExtension.appex */;
			productType = "com.apple.product-type.app-extension";
		};
		FFBB2233445566778899AABB /* SavedMessagesUITests */ = {
			isa = PBXNativeTarget;
			buildConfigurationList = 1122334455667788AABBCCDD /* Build configuration list for PBXNativeTarget "SavedMessagesUITests" */;
			buildPhases = (
				2233445566778899AABBCCDD /* Sources */,
				FFAA1122334455667788BBCC /* Frameworks */,
				3344556677889900AABBCCDD /* Resources */,
			);
			buildRules = (
			);
			dependencies = (
				DDEE4455667788990011BBCC /* PBXTargetDependency */,
			);
			name = SavedMessagesUITests;
			productName = SavedMessagesUITests;
			productReference = EEFF0011223344556677AABB /* SavedMessagesUITests.xctest */;
			productType = "com.apple.product-type.bundle.ui-testing";
		};
/* End PBXNativeTarget section */

/* Begin PBXProject section */
		CCB3F50EF82C49E78206F4F1 /* Project object */ = {
			isa = PBXProject;
			attributes = {
				BuildIndependentTargetsInParallel = 1;
				LastSwiftUpdateCheck = 1500;
				LastUpgradeCheck = 1500;
				TargetAttributes = {
					1E7B78848BB548158AD1F3F6 = {
						CreatedOnToolsVersion = 15.0;
					};
					CDE532592CD649A2B71994CD = {
						CreatedOnToolsVersion = 15.0;
					};
					FFBB2233445566778899AABB = {
						CreatedOnToolsVersion = 15.0;
						TestTargetID = 1E7B78848BB548158AD1F3F6;
					};
				};
			};
			buildConfigurationList = 9D022FAB3E9B4DB4B6FBA2A8 /* Build configuration list for PBXProject "SavedMessages" */;
			compatibilityVersion = "Xcode 14.0";
			developmentRegion = en;
			hasScannedForEncodings = 0;
			knownRegions = (
				en,
				Base,
			);
			mainGroup = 45D6E2F72E9542389AB70389;
			productRefGroup = 69A50CAF6D594B92A89AB55F /* Products */;
			projectDirPath = "";
			projectRoot = "";
			targets = (
				1E7B78848BB548158AD1F3F6 /* SavedMessages */,
				CDE532592CD649A2B71994CD /* ShareExtension */,
				FFBB2233445566778899AABB /* SavedMessagesUITests */,
			);
		};
/* End PBXProject section */

/* Begin PBXResourcesBuildPhase section */
		3344556677889900AABBCCDD /* Resources */ = {
			isa = PBXResourcesBuildPhase;
			buildActionMask = 2147483647;
			files = (
			);
			runOnlyForDeploymentPostprocessing = 0;
		};
		5A5E7D5600AC41A6A30EDBE4 /* Resources */ = {
			isa = PBXResourcesBuildPhase;
			buildActionMask = 2147483647;
			files = (
				E9863949B85444A68DC63FBC /* Assets.xcassets in Resources */,
			);
			runOnlyForDeploymentPostprocessing = 0;
		};
		A366FCB92A204666BAFE45EE /* Resources */ = {
			isa = PBXResourcesBuildPhase;
			buildActionMask = 2147483647;
			files = (
			);
			runOnlyForDeploymentPostprocessing = 0;
		};
/* End PBXResourcesBuildPhase section */

/* Begin PBXSourcesBuildPhase section */
		2233445566778899AABBCCDD /* Sources */ = {
			isa = PBXSourcesBuildPhase;
			buildActionMask = 2147483647;
			files = (
				AABB1122334455667788CCDD /* SavedMessagesUITests.swift in Sources */,
			);
			runOnlyForDeploymentPostprocessing = 0;
		};
		4B10203187B94041BA2C182E /* Sources */ = {
			isa = PBXSourcesBuildPhase;
			buildActionMask = 2147483647;
			files = (
				A8DFB23385BC42369E134D99 /* SavedMessagesApp.swift in Sources */,
				F1F8D98E94FE49A7A0225856 /* ContentView.swift in Sources */,
				FEA97F23E56A415AA64164A5 /* DataItem.swift in Sources */,
				CC3D4E5F6A7B8C9D0E1F2A3B /* StorageConstants.swift in Sources */,
				EE5F6A7B8C9D0E1F2A3B4C5D /* ItemTypeHelpers.swift in Sources */,
				DD2233445566778899001122 /* LocationService.swift in Sources */,
				FB2FBCDC2E8143D882036336 /* ItemListView.swift in Sources */,
				990BE438587F488882DCB3CF /* ItemDetailView.swift in Sources */,
				207029D477134FFCBA734685 /* AddTextView.swift in Sources */,
				33F6D38138EA42AF848CBE0C /* AddAudioView.swift in Sources */,
				1A9536E050764E70B5288E50 /* AddPhotoVideoView.swift in Sources */,
				6E1D8983B19A41FFBDBCA6DB /* CameraPickerView.swift in Sources */,
				5A2AA24D4A2A4059A22BC7C2 /* StorageService.swift in Sources */,
				B1C2D3E4F5A6B7C8D9E0F1A2 /* TagsView.swift in Sources */,
				E4B5C6D7E8F9A0B1C2D3E4F5 /* SettingsView.swift in Sources */,
				FA11BB22CC33DD44EE55FF66 /* ZoomableImageView.swift in Sources */,
			);
			runOnlyForDeploymentPostprocessing = 0;
		};
		80BA6DD3517C481793F1A2DB /* Sources */ = {
			isa = PBXSourcesBuildPhase;
			buildActionMask = 2147483647;
			files = (
				A91F2892C87D47EE982F52DA /* ShareViewController.swift in Sources */,
				11AA22BB33CC44DD55EE66FF /* ShareTagPickerView.swift in Sources */,
				AA7B8C9D0E1F2A3B4C5D6E7F /* DataItem.swift in Sources */,
				DD4E5F6A7B8C9D0E1F2A3B4C /* StorageConstants.swift in Sources */,
				FF6A7B8C9D0E1F2A3B4C5D6E /* ItemTypeHelpers.swift in Sources */,
				CC1122334455667788990011 /* LocationService.swift in Sources */,
			);
			runOnlyForDeploymentPostprocessing = 0;
		};
/* End PBXSourcesBuildPhase section */

/* Begin PBXTargetDependency section */
		D1A2B3C4D5E6F7A8B9C0D1E2 /* PBXTargetDependency */ = {
			isa = PBXTargetDependency;
			target = CDE532592CD649A2B71994CD /* ShareExtension */;
			targetProxy = CB5EC213A9244B758B9C858C /* PBXContainerItemProxy */;
		};
		DDEE4455667788990011BBCC /* PBXTargetDependency */ = {
			isa = PBXTargetDependency;
			target = 1E7B78848BB548158AD1F3F6 /* SavedMessages */;
			targetProxy = CCDD3344556677889900AABB /* PBXContainerItemProxy */;
		};
/* End PBXTargetDependency section */

/* Begin XCBuildConfiguration section */
		2469F1FFE3904F4082A79295 /* Release */ = {
			isa = XCBuildConfiguration;
			buildSettings = {
				ALWAYS_SEARCH_USER_PATHS = NO;
				CLANG_ANALYZER_NONNULL = YES;
				CLANG_ANALYZER_NUMBER_OBJECT_CONVERSION = YES_AGGRESSIVE;
				CLANG_CXX_LANGUAGE_STANDARD = "gnu++20";
				CLANG_ENABLE_MODULES = YES;
				CLANG_ENABLE_OBJC_ARC = YES;
				CLANG_ENABLE_OBJC_WEAK = YES;
				CLANG_WARN_BLOCK_CAPTURE_AUTORELEASING = YES;
				CLANG_WARN_BOOL_CONVERSION = YES;
				CLANG_WARN_COMMA = YES;
				CLANG_WARN_CONSTANT_CONVERSION = YES;
				CLANG_WARN_DEPRECATED_OBJC_IMPLEMENTATIONS = YES;
				CLANG_WARN_DIRECT_OBJC_ISA_USAGE = YES_ERROR;
				CLANG_WARN_DOCUMENTATION_COMMENTS = YES;
				CLANG_WARN_EMPTY_BODY = YES;
				CLANG_WARN_ENUM_CONVERSION = YES;
				CLANG_WARN_INFINITE_RECURSION = YES;
				CLANG_WARN_INT_CONVERSION = YES;
				CLANG_WARN_NON_LITERAL_NULL_CONVERSION = YES;
				CLANG_WARN_OBJC_IMPLICIT_RETAIN_SELF = YES;
				CLANG_WARN_OBJC_LITERAL_CONVERSION = YES;
				CLANG_WARN_OBJC_ROOT_CLASS = YES_ERROR;
				CLANG_WARN_QUOTED_INCLUDE_IN_FRAMEWORK_HEADER = YES;
				CLANG_WARN_RANGE_LOOP_ANALYSIS = YES;
				CLANG_WARN_STRICT_PROTOTYPES = YES;
				CLANG_WARN_SUSPICIOUS_MOVE = YES;
				CLANG_WARN_UNGUARDED_AVAILABILITY = YES_AGGRESSIVE;
				CLANG_WARN_UNREACHABLE_CODE = YES;
				CLANG_WARN__DUPLICATE_METHOD_MATCH = YES;
				COPY_PHASE_STRIP = NO;
				DEBUG_INFORMATION_FORMAT = "dwarf-with-dsym";
				ENABLE_NS_ASSERTIONS = NO;
				ENABLE_STRICT_OBJC_MSGSEND = YES;
				GCC_C_LANGUAGE_STANDARD = gnu11;
				GCC_NO_COMMON_BLOCKS = YES;
				GCC_WARN_64_TO_32_BIT_CONVERSION = YES;
				GCC_WARN_ABOUT_RETURN_TYPE = YES_ERROR;
				GCC_WARN_UNDECLARED_SELECTOR = YES;
				GCC_WARN_UNINITIALIZED_AUTOS = YES_AGGRESSIVE;
				GCC_WARN_UNUSED_FUNCTION = YES;
				GCC_WARN_UNUSED_VARIABLE = YES;
				IPHONEOS_DEPLOYMENT_TARGET = 17.0;
				MTL_ENABLE_DEBUG_INFO = NO;
				MTL_FAST_MATH = YES;
				SDKROOT = iphoneos;
				SWIFT_COMPILATION_MODE = wholemodule;
				SWIFT_OPTIMIZATION_LEVEL = "-O";
				VALIDATE_PRODUCT = YES;
			};
			name = Release;
		};
		35868B031F1A4D2CB9CF476E /* Release */ = {
			isa = XCBuildConfiguration;
			buildSettings = {
				CODE_SIGN_ENTITLEMENTS = ShareExtension/ShareExtension.entitlements;
				CODE_SIGN_STYLE = Automatic;
				CURRENT_PROJECT_VERSION = 1;
				DEVELOPMENT_TEAM = T4YGHMRPJV;
				GENERATE_INFOPLIST_FILE = NO;
				INFOPLIST_FILE = ShareExtension/Info.plist;
				IPHONEOS_DEPLOYMENT_TARGET = 17.0;
				MARKETING_VERSION = 1.1;
				PRODUCT_BUNDLE_IDENTIFIER = com.HerrTete.SavedMessages.ShareExtension;
				PRODUCT_NAME = "$(TARGET_NAME)";
				SDKROOT = iphoneos;
				SKIP_INSTALL = YES;
				SWIFT_VERSION = 5.0;
				TARGETED_DEVICE_FAMILY = "1,2";
			};
			name = Release;
		};
		4455667788990011AABBCCDD /* Debug */ = {
			isa = XCBuildConfiguration;
			buildSettings = {
				CODE_SIGN_STYLE = Automatic;
				CURRENT_PROJECT_VERSION = 1;
				GENERATE_INFOPLIST_FILE = YES;
				IPHONEOS_DEPLOYMENT_TARGET = 17.0;
				MARKETING_VERSION = 1.1;
				PRODUCT_BUNDLE_IDENTIFIER = com.HerrTete.SavedMessages.UITests;
				PRODUCT_NAME = "$(TARGET_NAME)";
				SDKROOT = iphoneos;
				SWIFT_VERSION = 5.0;
				TARGETED_DEVICE_FAMILY = "1,2";
				TEST_TARGET_NAME = SavedMessages;
			};
			name = Debug;
		};
		5566778899001122AABBCCDD /* Release */ = {
			isa = XCBuildConfiguration;
			buildSettings = {
				CODE_SIGN_STYLE = Automatic;
				CURRENT_PROJECT_VERSION = 1;
				GENERATE_INFOPLIST_FILE = YES;
				IPHONEOS_DEPLOYMENT_TARGET = 17.0;
				MARKETING_VERSION = 1.1;
				PRODUCT_BUNDLE_IDENTIFIER = com.HerrTete.SavedMessages.UITests;
				PRODUCT_NAME = "$(TARGET_NAME)";
				SDKROOT = iphoneos;
				SWIFT_VERSION = 5.0;
				TARGETED_DEVICE_FAMILY = "1,2";
				TEST_TARGET_NAME = SavedMessages;
			};
			name = Release;
		};
		8F078999A3A240379BD1FB68 /* Debug */ = {
			isa = XCBuildConfiguration;
			buildSettings = {
				ASSETCATALOG_COMPILER_APPICON_NAME = AppIcon;
				ASSETCATALOG_COMPILER_GLOBAL_ACCENT_COLOR_NAME = AccentColor;
				CODE_SIGN_ENTITLEMENTS = SavedMessages/SavedMessages.entitlements;
				CODE_SIGN_STYLE = Automatic;
				CURRENT_PROJECT_VERSION = 1;
				DEVELOPMENT_ASSET_PATHS = "\"SavedMessages/Preview Content\"";
				DEVELOPMENT_TEAM = T4YGHMRPJV;
				ENABLE_PREVIEWS = YES;
				GENERATE_INFOPLIST_FILE = NO;
				INFOPLIST_FILE = SavedMessages/Info.plist;
				IPHONEOS_DEPLOYMENT_TARGET = 17.0;
				MARKETING_VERSION = 1.1;
				PRODUCT_BUNDLE_IDENTIFIER = com.HerrTete.SavedMessages;
				PRODUCT_NAME = "$(TARGET_NAME)";
				SDKROOT = iphoneos;
				SWIFT_EMIT_LOC_STRINGS = YES;
				SWIFT_VERSION = 5.0;
				TARGETED_DEVICE_FAMILY = "1,2";
			};
			name = Debug;
		};
		9C1FD0932A3A4BF18BF7F0FA /* Release */ = {
			isa = XCBuildConfiguration;
			buildSettings = {
				ASSETCATALOG_COMPILER_APPICON_NAME = AppIcon;
				ASSETCATALOG_COMPILER_GLOBAL_ACCENT_COLOR_NAME = AccentColor;
				CODE_SIGN_ENTITLEMENTS = SavedMessages/SavedMessages.entitlements;
				CODE_SIGN_STYLE = Automatic;
				CURRENT_PROJECT_VERSION = 1;
				DEVELOPMENT_ASSET_PATHS = "\"SavedMessages/Preview Content\"";
				DEVELOPMENT_TEAM = T4YGHMRPJV;
				ENABLE_PREVIEWS = YES;
				GENERATE_INFOPLIST_FILE = NO;
				INFOPLIST_FILE = SavedMessages/Info.plist;
				IPHONEOS_DEPLOYMENT_TARGET = 17.0;
				MARKETING_VERSION = 1.1;
				PRODUCT_BUNDLE_IDENTIFIER = com.HerrTete.SavedMessages;
				PRODUCT_NAME = "$(TARGET_NAME)";
				SDKROOT = iphoneos;
				SWIFT_EMIT_LOC_STRINGS = YES;
				SWIFT_VERSION = 5.0;
				TARGETED_DEVICE_FAMILY = "1,2";
			};
			name = Release;
		};
		B859E656708D414CB2F873D8 /* Debug */ = {
			isa = XCBuildConfiguration;
			buildSettings = {
				ALWAYS_SEARCH_USER_PATHS = NO;
				CLANG_ANALYZER_NONNULL = YES;
				CLANG_ANALYZER_NUMBER_OBJECT_CONVERSION = YES_AGGRESSIVE;
				CLANG_CXX_LANGUAGE_STANDARD = "gnu++20";
				CLANG_ENABLE_MODULES = YES;
				CLANG_ENABLE_OBJC_ARC = YES;
				CLANG_ENABLE_OBJC_WEAK = YES;
				CLANG_WARN_BLOCK_CAPTURE_AUTORELEASING = YES;
				CLANG_WARN_BOOL_CONVERSION = YES;
				CLANG_WARN_COMMA = YES;
				CLANG_WARN_CONSTANT_CONVERSION = YES;
				CLANG_WARN_DEPRECATED_OBJC_IMPLEMENTATIONS = YES;
				CLANG_WARN_DIRECT_OBJC_ISA_USAGE = YES_ERROR;
				CLANG_WARN_DOCUMENTATION_COMMENTS = YES;
				CLANG_WARN_EMPTY_BODY = YES;
				CLANG_WARN_ENUM_CONVERSION = YES;
				CLANG_WARN_INFINITE_RECURSION = YES;
				CLANG_WARN_INT_CONVERSION = YES;
				CLANG_WARN_NON_LITERAL_NULL_CONVERSION = YES;
				CLANG_WARN_OBJC_IMPLICIT_RETAIN_SELF = YES;
				CLANG_WARN_OBJC_LITERAL_CONVERSION = YES;
				CLANG_WARN_OBJC_ROOT_CLASS = YES_ERROR;
				CLANG_WARN_QUOTED_INCLUDE_IN_FRAMEWORK_HEADER = YES;
				CLANG_WARN_RANGE_LOOP_ANALYSIS = YES;
				CLANG_WARN_STRICT_PROTOTYPES = YES;
				CLANG_WARN_SUSPICIOUS_MOVE = YES;
				CLANG_WARN_UNGUARDED_AVAILABILITY = YES_AGGRESSIVE;
				CLANG_WARN_UNREACHABLE_CODE = YES;
				CLANG_WARN__DUPLICATE_METHOD_MATCH = YES;
				COPY_PHASE_STRIP = NO;
				DEBUG_INFORMATION_FORMAT = dwarf;
				ENABLE_STRICT_OBJC_MSGSEND = YES;
				ENABLE_TESTABILITY = YES;
				GCC_C_LANGUAGE_STANDARD = gnu11;
				GCC_DYNAMIC_NO_PIC = NO;
				GCC_NO_COMMON_BLOCKS = YES;
				GCC_OPTIMIZATION_LEVEL = 0;
				GCC_PREPROCESSOR_DEFINITIONS = (
					"DEBUG=1",
					"$(inherited)",
				);
				GCC_WARN_64_TO_32_BIT_CONVERSION = YES;
				GCC_WARN_ABOUT_RETURN_TYPE = YES_ERROR;
				GCC_WARN_UNDECLARED_SELECTOR = YES;
				GCC_WARN_UNINITIALIZED_AUTOS = YES_AGGRESSIVE;
				GCC_WARN_UNUSED_FUNCTION = YES;
				GCC_WARN_UNUSED_VARIABLE = YES;
				IPHONEOS_DEPLOYMENT_TARGET = 17.0;
				MTL_ENABLE_DEBUG_INFO = INCLUDE_SOURCE;
				MTL_FAST_MATH = YES;
				ONLY_ACTIVE_ARCH = YES;
				SDKROOT = iphoneos;
				SWIFT_ACTIVE_COMPILATION_CONDITIONS = DEBUG;
				SWIFT_OPTIMIZATION_LEVEL = "-Onone";
			};
			name = Debug;
		};
		C68B2376FD6949A6AD25A111 /* Debug */ = {
			isa = XCBuildConfiguration;
			buildSettings = {
				CODE_SIGN_ENTITLEMENTS = ShareExtension/ShareExtension.entitlements;
				CODE_SIGN_STYLE = Automatic;
				CURRENT_PROJECT_VERSION = 1;
				DEVELOPMENT_TEAM = T4YGHMRPJV;
				GENERATE_INFOPLIST_FILE = NO;
				INFOPLIST_FILE = ShareExtension/Info.plist;
				IPHONEOS_DEPLOYMENT_TARGET = 17.0;
				MARKETING_VERSION = 1.1;
				PRODUCT_BUNDLE_IDENTIFIER = com.HerrTete.SavedMessages.ShareExtension;
				PRODUCT_NAME = "$(TARGET_NAME)";
				SDKROOT = iphoneos;
				SKIP_INSTALL = YES;
				SWIFT_VERSION = 5.0;
				TARGETED_DEVICE_FAMILY = "1,2";
			};
			name = Debug;
		};
/* End XCBuildConfiguration section */

/* Begin XCConfigurationList section */
		101FA9D5E35C42ED8597DEBF /* Build configuration list for PBXNativeTarget "ShareExtension" */ = {
			isa = XCConfigurationList;
			buildConfigurations = (
				C68B2376FD6949A6AD25A111 /* Debug */,
				35868B031F1A4D2CB9CF476E /* Release */,
			);
			defaultConfigurationIsVisible = 0;
			defaultConfigurationName = Release;
		};
		1122334455667788AABBCCDD /* Build configuration list for PBXNativeTarget "SavedMessagesUITests" */ = {
			isa = XCConfigurationList;
			buildConfigurations = (
				4455667788990011AABBCCDD /* Debug */,
				5566778899001122AABBCCDD /* Release */,
			);
			defaultConfigurationIsVisible = 0;
			defaultConfigurationName = Release;
		};
		96BAB4730FAE49F191D9FFDC /* Build configuration list for PBXNativeTarget "SavedMessages" */ = {
			isa = XCConfigurationList;
			buildConfigurations = (
				8F078999A3A240379BD1FB68 /* Debug */,
				9C1FD0932A3A4BF18BF7F0FA /* Release */,
			);
			defaultConfigurationIsVisible = 0;
			defaultConfigurationName = Release;
		};
		9D022FAB3E9B4DB4B6FBA2A8 /* Build configuration list for PBXProject "SavedMessages" */ = {
			isa = XCConfigurationList;
			buildConfigurations = (
				B859E656708D414CB2F873D8 /* Debug */,
				2469F1FFE3904F4082A79295 /* Release */,
			);
			defaultConfigurationIsVisible = 0;
			defaultConfigurationName = Release;
		};
/* End XCConfigurationList section */
	};
	rootObject = CCB3F50EF82C49E78206F4F1 /* Project object */;
}
